// !$*UTF8*$!
{
	archiveVersion = 1;
	classes = {
	};
	objectVersion = 48;
	objects = {

/* Begin PBXBuildFile section */
		512AB5C02055E59C00BCF614 /* GCDBlackBox.swift in Sources */ = {isa = PBXBuildFile; fileRef = 512AB5BF2055E59C00BCF614 /* GCDBlackBox.swift */; };
		5148A6332048DA790081A6BA /* AppDelegate.swift in Sources */ = {isa = PBXBuildFile; fileRef = 5148A6322048DA790081A6BA /* AppDelegate.swift */; };
		5148A6352048DA790081A6BA /* PokeCardViewController.swift in Sources */ = {isa = PBXBuildFile; fileRef = 5148A6342048DA790081A6BA /* PokeCardViewController.swift */; };
		5148A6382048DA790081A6BA /* Main.storyboard in Resources */ = {isa = PBXBuildFile; fileRef = 5148A6362048DA790081A6BA /* Main.storyboard */; };
		5148A63A2048DA790081A6BA /* Assets.xcassets in Resources */ = {isa = PBXBuildFile; fileRef = 5148A6392048DA790081A6BA /* Assets.xcassets */; };
		5148A63D2048DA790081A6BA /* LaunchScreen.storyboard in Resources */ = {isa = PBXBuildFile; fileRef = 5148A63B2048DA790081A6BA /* LaunchScreen.storyboard */; };
/* End PBXBuildFile section */

/* Begin PBXFileReference section */
		512AB5BF2055E59C00BCF614 /* GCDBlackBox.swift */ = {isa = PBXFileReference; lastKnownFileType = sourcecode.swift; path = GCDBlackBox.swift; sourceTree = "<group>"; };
		5148A62F2048DA790081A6BA /* PokeCards.app */ = {isa = PBXFileReference; explicitFileType = wrapper.application; includeInIndex = 0; path = PokeCards.app; sourceTree = BUILT_PRODUCTS_DIR; };
		5148A6322048DA790081A6BA /* AppDelegate.swift */ = {isa = PBXFileReference; lastKnownFileType = sourcecode.swift; path = AppDelegate.swift; sourceTree = "<group>"; };
		5148A6342048DA790081A6BA /* PokeCardViewController.swift */ = {isa = PBXFileReference; lastKnownFileType = sourcecode.swift; path = PokeCardViewController.swift; sourceTree = "<group>"; };
		5148A6372048DA790081A6BA /* Base */ = {isa = PBXFileReference; lastKnownFileType = file.storyboard; name = Base; path = Base.lproj/Main.storyboard; sourceTree = "<group>"; };
		5148A6392048DA790081A6BA /* Assets.xcassets */ = {isa = PBXFileReference; lastKnownFileType = folder.assetcatalog; path = Assets.xcassets; sourceTree = "<group>"; };
		5148A63C2048DA790081A6BA /* Base */ = {isa = PBXFileReference; lastKnownFileType = file.storyboard; name = Base; path = Base.lproj/LaunchScreen.storyboard; sourceTree = "<group>"; };
		5148A63E2048DA790081A6BA /* Info.plist */ = {isa = PBXFileReference; lastKnownFileType = text.plist.xml; path = Info.plist; sourceTree = "<group>"; };
/* End PBXFileReference section */

/* Begin PBXFrameworksBuildPhase section */
		5148A62C2048DA790081A6BA /* Frameworks */ = {
			isa = PBXFrameworksBuildPhase;
			buildActionMask = 2147483647;
			files = (
			);
			runOnlyForDeploymentPostprocessing = 0;
		};
/* End PBXFrameworksBuildPhase section */

/* Begin PBXGroup section */
		5148A6262048DA790081A6BA = {
			isa = PBXGroup;
			children = (
				5148A6312048DA790081A6BA /* PokeCards */,
				5148A6302048DA790081A6BA /* Products */,
			);
			sourceTree = "<group>";
		};
		5148A6302048DA790081A6BA /* Products */ = {
			isa = PBXGroup;
			children = (
				5148A62F2048DA790081A6BA /* PokeCards.app */,
			);
			name = Products;
			sourceTree = "<group>";
		};
		5148A6312048DA790081A6BA /* PokeCards */ = {
			isa = PBXGroup;
			children = (
				5148A6322048DA790081A6BA /* AppDelegate.swift */,
				5148A6342048DA790081A6BA /* PokeCardViewController.swift */,
				512AB5BF2055E59C00BCF614 /* GCDBlackBox.swift */,
				5148A6362048DA790081A6BA /* Main.storyboard */,
				5148A6392048DA790081A6BA /* Assets.xcassets */,
				5148A63B2048DA790081A6BA /* LaunchScreen.storyboard */,
				5148A63E2048DA790081A6BA /* Info.plist */,
			);
			path = PokeCards;
			sourceTree = "<group>";
		};
/* End PBXGroup section */

/* Begin PBXNativeTarget section */
		5148A62E2048DA790081A6BA /* PokeCards */ = {
			isa = PBXNativeTarget;
			buildConfigurationList = 5148A6412048DA790081A6BA /* Build configuration list for PBXNativeTarget "PokeCards" */;
			buildPhases = (
				5148A62B2048DA790081A6BA /* Sources */,
				5148A62C2048DA790081A6BA /* Frameworks */,
				5148A62D2048DA790081A6BA /* Resources */,
			);
			buildRules = (
			);
			dependencies = (
			);
			name = PokeCards;
			productName = PokeCards;
			productReference = 5148A62F2048DA790081A6BA /* PokeCards.app */;
			productType = "com.apple.product-type.application";
		};
/* End PBXNativeTarget section */

/* Begin PBXProject section */
		5148A6272048DA790081A6BA /* Project object */ = {
			isa = PBXProject;
			attributes = {
				LastSwiftUpdateCheck = 0920;
				LastUpgradeCheck = 0920;
				ORGANIZATIONNAME = "Felipe Valdivia";
				TargetAttributes = {
					5148A62E2048DA790081A6BA = {
						CreatedOnToolsVersion = 9.2;
						ProvisioningStyle = Automatic;
					};
				};
			};
			buildConfigurationList = 5148A62A2048DA790081A6BA /* Build configuration list for PBXProject "PokeCards" */;
			compatibilityVersion = "Xcode 8.0";
			developmentRegion = en;
			hasScannedForEncodings = 0;
			knownRegions = (
				en,
				Base,
			);
			mainGroup = 5148A6262048DA790081A6BA;
			productRefGroup = 5148A6302048DA790081A6BA /* Products */;
			projectDirPath = "";
			projectRoot = "";
			targets = (
				5148A62E2048DA790081A6BA /* PokeCards */,
			);
		};
/* End PBXProject section */

/* Begin PBXResourcesBuildPhase section */
		5148A62D2048DA790081A6BA /* Resources */ = {
			isa = PBXResourcesBuildPhase;
			buildActionMask = 2147483647;
			files = (
				5148A63D2048DA790081A6BA /* LaunchScreen.storyboard in Resources */,
				5148A63A2048DA790081A6BA /* Assets.xcassets in Resources */,
				5148A6382048DA790081A6BA /* Main.storyboard in Resources */,
			);
			runOnlyForDeploymentPostprocessing = 0;
		};
/* End PBXResourcesBuildPhase section */

/* Begin PBXSourcesBuildPhase section */
		5148A62B2048DA790081A6BA /* Sources */ = {
			isa = PBXSourcesBuildPhase;
			buildActionMask = 2147483647;
			files = (
				5148A6352048DA790081A6BA /* PokeCardViewController.swift in Sources */,
				512AB5C02055E59C00BCF614 /* GCDBlackBox.swift in Sources */,
				5148A6332048DA790081A6BA /* AppDelegate.swift in Sources */,
			);
			runOnlyForDeploymentPostprocessing = 0;
		};
/* End PBXSourcesBuildPhase section */

/* Begin PBXVariantGroup section */
		5148A6362048DA790081A6BA /* Main.storyboard */ = {
			isa = PBXVariantGroup;
			children = (
				5148A6372048DA790081A6BA /* Base */,
			);
			name = Main.storyboard;
			sourceTree = "<group>";
		};
		5148A63B2048DA790081A6BA /* LaunchScreen.storyboard */ = {
			isa = PBXVariantGroup;
			children = (
				5148A63C2048DA790081A6BA /* Base */,
			);
			name = LaunchScreen.storyboard;
			sourceTree = "<group>";
		};
/* End PBXVariantGroup section */

/* Begin XCBuildConfiguration section */
		5148A63F2048DA790081A6BA /* Debug */ = {
			isa = XCBuildConfiguration;
			buildSettings = {
				ALWAYS_SEARCH_USER_PATHS = NO;
				CLANG_ANALYZER_NONNULL = YES;
				CLANG_ANALYZER_NUMBER_OBJECT_CONVERSION = YES_AGGRESSIVE;
				CLANG_CXX_LANGUAGE_STANDARD = "gnu++14";
				CLANG_CXX_LIBRARY = "libc++";
				CLANG_ENABLE_MODULES = YES;
				CLANG_ENABLE_OBJC_ARC = YES;
				CLANG_WARN_BLOCK_CAPTURE_AUTORELEASING = YES;
				CLANG_WARN_BOOL_CONVERSION = YES;
				CLANG_WARN_COMMA = YES;
				CLANG_WARN_CONSTANT_CONVERSION = YES;
				CLANG_WARN_DIRECT_OBJC_ISA_USAGE = YES_ERROR;
				CLANG_WARN_DOCUMENTATION_COMMENTS = YES;
				CLANG_WARN_EMPTY_BODY = YES;
				CLANG_WARN_ENUM_CONVERSION = YES;
				CLANG_WARN_INFINITE_RECURSION = YES;
				CLANG_WARN_INT_CONVERSION = YES;
				CLANG_WARN_NON_LITERAL_NULL_CONVERSION = YES;
				CLANG_WARN_OBJC_LITERAL_CONVERSION = YES;
				CLANG_WARN_OBJC_ROOT_CLASS = YES_ERROR;
				CLANG_WARN_RANGE_LOOP_ANALYSIS = YES;
				CLANG_WARN_STRICT_PROTOTYPES = YES;
				CLANG_WARN_SUSPICIOUS_MOVE = YES;
				CLANG_WARN_UNGUARDED_AVAILABILITY = YES_AGGRESSIVE;
				CLANG_WARN_UNREACHABLE_CODE = YES;
				CLANG_WARN__DUPLICATE_METHOD_MATCH = YES;
				CODE_SIGN_IDENTITY = "iPhone Developer";
				COPY_PHASE_STRIP = NO;
				DEBUG_INFORMATION_FORMAT = dwarf;
				ENABLE_STRICT_OBJC_MSGSEND = YES;
				ENABLE_TESTABILITY = YES;
				GCC_C_LANGUAGE_STANDARD = gnu11;
				GCC_DYNAMIC_NO_PIC = NO;
				GCC_NO_COMMON_BLOCKS = YES;
				GCC_OPTIMIZATION_LEVEL = 0;
				GCC_PREPROCESSOR_DEFINITIONS = (
					"DEBUG=1",
					"$(inherited)",
				);
				GCC_WARN_64_TO_32_BIT_CONVERSION = YES;
				GCC_WARN_ABOUT_RETURN_TYPE = YES_ERROR;
				GCC_WARN_UNDECLARED_SELECTOR = YES;
				GCC_WARN_UNINITIALIZED_AUTOS = YES_AGGRESSIVE;
				GCC_WARN_UNUSED_FUNCTION = YES;
				GCC_WARN_UNUSED_VARIABLE = YES;
				IPHONEOS_DEPLOYMENT_TARGET = 11.2;
				MTL_ENABLE_DEBUG_INFO = YES;
				ONLY_ACTIVE_ARCH = YES;
				SDKROOT = iphoneos;
				SWIFT_ACTIVE_COMPILATION_CONDITIONS = DEBUG;
				SWIFT_OPTIMIZATION_LEVEL = "-Onone";
			};
			name = Debug;
		};
		5148A6402048DA790081A6BA /* Release */ = {
			isa = XCBuildConfiguration;
			buildSettings = {
				ALWAYS_SEARCH_USER_PATHS = NO;
				CLANG_ANALYZER_NONNULL = YES;
				CLANG_ANALYZER_NUMBER_OBJECT_CONVERSION = YES_AGGRESSIVE;
				CLANG_CXX_LANGUAGE_STANDARD = "gnu++14";
				CLANG_CXX_LIBRARY = "libc++";
				CLANG_ENABLE_MODULES = YES;
				CLANG_ENABLE_OBJC_ARC = YES;
				CLANG_WARN_BLOCK_CAPTURE_AUTORELEASING = YES;
				CLANG_WARN_BOOL_CONVERSION = YES;
				CLANG_WARN_COMMA = YES;
				CLANG_WARN_CONSTANT_CONVERSION = YES;
				CLANG_WARN_DIRECT_OBJC_ISA_USAGE = YES_ERROR;
				CLANG_WARN_DOCUMENTATION_COMMENTS = YES;
				CLANG_WARN_EMPTY_BODY = YES;
				CLANG_WARN_ENUM_CONVERSION = YES;
				CLANG_WARN_INFINITE_RECURSION = YES;
				CLANG_WARN_INT_CONVERSION = YES;
				CLANG_WARN_NON_LITERAL_NULL_CONVERSION = YES;
				CLANG_WARN_OBJC_LITERAL_CONVERSION = YES;
				CLANG_WARN_OBJC_ROOT_CLASS = YES_ERROR;
				CLANG_WARN_RANGE_LOOP_ANALYSIS = YES;
				CLANG_WARN_STRICT_PROTOTYPES = YES;
				CLANG_WARN_SUSPICIOUS_MOVE = YES;
				CLANG_WARN_UNGUARDED_AVAILABILITY = YES_AGGRESSIVE;
				CLANG_WARN_UNREACHABLE_CODE = YES;
				CLANG_WARN__DUPLICATE_METHOD_MATCH = YES;
				CODE_SIGN_IDENTITY = "iPhone Developer";
				COPY_PHASE_STRIP = NO;
				DEBUG_INFORMATION_FORMAT = "dwarf-with-dsym";
				ENABLE_NS_ASSERTIONS = NO;
				ENABLE_STRICT_OBJC_MSGSEND = YES;
				GCC_C_LANGUAGE_STANDARD = gnu11;
				GCC_NO_COMMON_BLOCKS = YES;
				GCC_WARN_64_TO_32_BIT_CONVERSION = YES;
				GCC_WARN_ABOUT_RETURN_TYPE = YES_ERROR;
				GCC_WARN_UNDECLARED_SELECTOR = YES;
				GCC_WARN_UNINITIALIZED_AUTOS = YES_AGGRESSIVE;
				GCC_WARN_UNUSED_FUNCTION = YES;
				GCC_WARN_UNUSED_VARIABLE = YES;
				IPHONEOS_DEPLOYMENT_TARGET = 11.2;
				MTL_ENABLE_DEBUG_INFO = NO;
				SDKROOT = iphoneos;
				SWIFT_OPTIMIZATION_LEVEL = "-Owholemodule";
				VALIDATE_PRODUCT = YES;
			};
			name = Release;
		};
		5148A6422048DA790081A6BA /* Debug */ = {
			isa = XCBuildConfiguration;
			buildSettings = {
				ASSETCATALOG_COMPILER_APPICON_NAME = AppIcon;
				CODE_SIGN_STYLE = Automatic;
				DEVELOPMENT_TEAM = HJ5Y59QJ6Q;
				INFOPLIST_FILE = PokeCards/Info.plist;
				LD_RUNPATH_SEARCH_PATHS = "$(inherited) @executable_path/Frameworks";
				PRODUCT_BUNDLE_IDENTIFIER = com.fvaldivia.PokeCards;
				PRODUCT_NAME = "$(TARGET_NAME)";
				SWIFT_VERSION = 4.0;
				TARGETED_DEVICE_FAMILY = "1,2";
			};
			name = Debug;
		};
		5148A6432048DA790081A6BA /* Release */ = {
			isa = XCBuildConfiguration;
			buildSettings = {
				ASSETCATALOG_COMPILER_APPICON_NAME = AppIcon;
				CODE_SIGN_STYLE = Automatic;
				DEVELOPMENT_TEAM = HJ5Y59QJ6Q;
				INFOPLIST_FILE = PokeCards/Info.plist;
				LD_RUNPATH_SEARCH_PATHS = "$(inherited) @executable_path/Frameworks";
				PRODUCT_BUNDLE_IDENTIFIER = com.fvaldivia.PokeCards;
				PRODUCT_NAME = "$(TARGET_NAME)";
				SWIFT_VERSION = 4.0;
				TARGETED_DEVICE_FAMILY = "1,2";
			};
			name = Release;
		};
/* End XCBuildConfiguration section */

/* Begin XCConfigurationList section */
		5148A62A2048DA790081A6BA /* Build configuration list for PBXProject "PokeCards" */ = {
			isa = XCConfigurationList;
			buildConfigurations = (
				5148A63F2048DA790081A6BA /* Debug */,
				5148A6402048DA790081A6BA /* Release */,
			);
			defaultConfigurationIsVisible = 0;
			defaultConfigurationName = Release;
		};
		5148A6412048DA790081A6BA /* Build configuration list for PBXNativeTarget "PokeCards" */ = {
			isa = XCConfigurationList;
			buildConfigurations = (
				5148A6422048DA790081A6BA /* Debug */,
				5148A6432048DA790081A6BA /* Release */,
			);
			defaultConfigurationIsVisible = 0;
			defaultConfigurationName = Release;
		};
/* End XCConfigurationList section */
	};
	rootObject = 5148A6272048DA790081A6BA /* Project object */;
}
